
Microsoft Visual Studio Solution File, Format Version 12.00
# Visual Studio 15
Project("{FAE04EC0-301F-11D3-BF4B-00C04F79EFBC}") = "SimpleWebTransport", "SimpleWebTransport.csproj", "{1FA488E4-E73B-A6AA-E729-15EEBA1CD1AD}"
EndProject
Project("{FAE04EC0-301F-11D3-BF4B-00C04F79EFBC}") = "Mirror", "Mirror.csproj", "{D89E527B-9E25-C948-15CA-CF7923BB7937}"
EndProject
Project("{FAE04EC0-301F-11D3-BF4B-00C04F79EFBC}") = "Mirror.Examples", "Mirror.Examples.csproj", "{AD147B6E-FDCD-E76A-1913-9E05579A0C10}"
EndProject
Project("{FAE04EC0-301F-11D3-BF4B-00C04F79EFBC}") = "Mirror.Components", "Mirror.Components.csproj", "{BFCC29C8-CADC-C205-9128-3632549E626E}"
EndProject
Project("{FAE04EC0-301F-11D3-BF4B-00C04F79EFBC}") = "Assembly-CSharp", "Assembly-CSharp.csproj", "{D7D83FF7-C06C-E36E-FD3A-4D1F0C2237AB}"
EndProject
Project("{FAE04EC0-301F-11D3-BF4B-00C04F79EFBC}") = "kcp2k", "kcp2k.csproj", "{6CB5BA21-398E-2E2A-6680-399DD445975A}"
EndProject
Project("{FAE04EC0-301F-11D3-BF4B-00C04F79EFBC}") = "Telepathy", "Telepathy.csproj", "{0A9E3425-8C8F-0E73-EE8B-1C96779E4BDE}"
EndProject
Project("{FAE04EC0-301F-11D3-BF4B-00C04F79EFBC}") = "where-allocations", "where-allocations.csproj", "{5490C910-1122-0FC6-FABA-6726648A02CC}"
EndProject
Project("{FAE04EC0-301F-11D3-BF4B-00C04F79EFBC}") = "Mirror.Authenticators", "Mirror.Authenticators.csproj", "{77A07D5B-85DC-76C5-7291-E68A938A6EAF}"
EndProject
Project("{FAE04EC0-301F-11D3-BF4B-00C04F79EFBC}") = "MultiplexTransport", "MultiplexTransport.csproj", "{BC5FD60C-CF43-0C18-7D75-D36864C4433F}"
EndProject
Project("{FAE04EC0-301F-11D3-BF4B-00C04F79EFBC}") = "MiddlewareTransport", "MiddlewareTransport.csproj", "{B13E03B7-9D5E-EB4C-E005-2CEAD59F58F4}"
EndProject
Project("{FAE04EC0-301F-11D3-BF4B-00C04F79EFBC}") = "Mirror.Editor", "Mirror.Editor.csproj", "{26A26152-CE91-D7EC-90BC-7986F9845416}"
EndProject
Project("{FAE04EC0-301F-11D3-BF4B-00C04F79EFBC}") = "Unity.Mirror.CodeGen", "Unity.Mirror.CodeGen.csproj", "{75E9401D-F94B-3B94-52F8-3736E4F9421E}"
EndProject
Project("{FAE04EC0-301F-11D3-BF4B-00C04F79EFBC}") = "Mirror.CompilerSymbols", "Mirror.CompilerSymbols.csproj", "{0E0F1CC5-0F8E-89A7-1DD0-464540C1594C}"
EndProject
Global
	GlobalSection(SolutionConfigurationPlatforms) = preSolution
		Debug|Any CPU = Debug|Any CPU
		Release|Any CPU = Release|Any CPU
	EndGlobalSection
	GlobalSection(ProjectConfigurationPlatforms) = postSolution
		{1FA488E4-E73B-A6AA-E729-15EEBA1CD1AD}.Debug|Any CPU.ActiveCfg = Debug|Any CPU
		{1FA488E4-E73B-A6AA-E729-15EEBA1CD1AD}.Debug|Any CPU.Build.0 = Debug|Any CPU
		{1FA488E4-E73B-A6AA-E729-15EEBA1CD1AD}.Release|Any CPU.ActiveCfg = Release|Any CPU
		{1FA488E4-E73B-A6AA-E729-15EEBA1CD1AD}.Release|Any CPU.Build.0 = Release|Any CPU
		{D89E527B-9E25-C948-15CA-CF7923BB7937}.Debug|Any CPU.ActiveCfg = Debug|Any CPU
		{D89E527B-9E25-C948-15CA-CF7923BB7937}.Debug|Any CPU.Build.0 = Debug|Any CPU
		{D89E527B-9E25-C948-15CA-CF7923BB7937}.Release|Any CPU.ActiveCfg = Release|Any CPU
		{D89E527B-9E25-C948-15CA-CF7923BB7937}.Release|Any CPU.Build.0 = Release|Any CPU
		{AD147B6E-FDCD-E76A-1913-9E05579A0C10}.Debug|Any CPU.ActiveCfg = Debug|Any CPU
		{AD147B6E-FDCD-E76A-1913-9E05579A0C10}.Debug|Any CPU.Build.0 = Debug|Any CPU
		{AD147B6E-FDCD-E76A-1913-9E05579A0C10}.Release|Any CPU.ActiveCfg = Release|Any CPU
		{AD147B6E-FDCD-E76A-1913-9E05579A0C10}.Release|Any CPU.Build.0 = Release|Any CPU
		{BFCC29C8-CADC-C205-9128-3632549E626E}.Debug|Any CPU.ActiveCfg = Debug|Any CPU
		{BFCC29C8-CADC-C205-9128-3632549E626E}.Debug|Any CPU.Build.0 = Debug|Any CPU
		{BFCC29C8-CADC-C205-9128-3632549E626E}.Release|Any CPU.ActiveCfg = Release|Any CPU
		{BFCC29C8-CADC-C205-9128-3632549E626E}.Release|Any CPU.Build.0 = Release|Any CPU
		{D7D83FF7-C06C-E36E-FD3A-4D1F0C2237AB}.Debug|Any CPU.ActiveCfg = Debug|Any CPU
		{D7D83FF7-C06C-E36E-FD3A-4D1F0C2237AB}.Debug|Any CPU.Build.0 = Debug|Any CPU
		{D7D83FF7-C06C-E36E-FD3A-4D1F0C2237AB}.Release|Any CPU.ActiveCfg = Release|Any CPU
		{D7D83FF7-C06C-E36E-FD3A-4D1F0C2237AB}.Release|Any CPU.Build.0 = Release|Any CPU
		{6CB5BA21-398E-2E2A-6680-399DD445975A}.Debug|Any CPU.ActiveCfg = Debug|Any CPU
		{6CB5BA21-398E-2E2A-6680-399DD445975A}.Debug|Any CPU.Build.0 = Debug|Any CPU
		{6CB5BA21-398E-2E2A-6680-399DD445975A}.Release|Any CPU.ActiveCfg = Release|Any CPU
		{6CB5BA21-398E-2E2A-6680-399DD445975A}.Release|Any CPU.Build.0 = Release|Any CPU
		{0A9E3425-8C8F-0E73-EE8B-1C96779E4BDE}.Debug|Any CPU.ActiveCfg = Debug|Any CPU
		{0A9E3425-8C8F-0E73-EE8B-1C96779E4BDE}.Debug|Any CPU.Build.0 = Debug|Any CPU
		{0A9E3425-8C8F-0E73-EE8B-1C96779E4BDE}.Release|Any CPU.ActiveCfg = Release|Any CPU
		{0A9E3425-8C8F-0E73-EE8B-1C96779E4BDE}.Release|Any CPU.Build.0 = Release|Any CPU
		{5490C910-1122-0FC6-FABA-6726648A02CC}.Debug|Any CPU.ActiveCfg = Debug|Any CPU
		{5490C910-1122-0FC6-FABA-6726648A02CC}.Debug|Any CPU.Build.0 = Debug|Any CPU
		{5490C910-1122-0FC6-FABA-6726648A02CC}.Release|Any CPU.ActiveCfg = Release|Any CPU
		{5490C910-1122-0FC6-FABA-6726648A02CC}.Release|Any CPU.Build.0 = Release|Any CPU
		{77A07D5B-85DC-76C5-7291-E68A938A6EAF}.Debug|Any CPU.ActiveCfg = Debug|Any CPU
		{77A07D5B-85DC-76C5-7291-E68A938A6EAF}.Debug|Any CPU.Build.0 = Debug|Any CPU
		{77A07D5B-85DC-76C5-7291-E68A938A6EAF}.Release|Any CPU.ActiveCfg = Release|Any CPU
		{77A07D5B-85DC-76C5-7291-E68A938A6EAF}.Release|Any CPU.Build.0 = Release|Any CPU
		{BC5FD60C-CF43-0C18-7D75-D36864C4433F}.Debug|Any CPU.ActiveCfg = Debug|Any CPU
		{BC5FD60C-CF43-0C18-7D75-D36864C4433F}.Debug|Any CPU.Build.0 = Debug|Any CPU
		{BC5FD60C-CF43-0C18-7D75-D36864C4433F}.Release|Any CPU.ActiveCfg = Release|Any CPU
		{BC5FD60C-CF43-0C18-7D75-D36864C4433F}.Release|Any CPU.Build.0 = Release|Any CPU
		{B13E03B7-9D5E-EB4C-E005-2CEAD59F58F4}.Debug|Any CPU.ActiveCfg = Debug|Any CPU
		{B13E03B7-9D5E-EB4C-E005-2CEAD59F58F4}.Debug|Any CPU.Build.0 = Debug|Any CPU
		{B13E03B7-9D5E-EB4C-E005-2CEAD59F58F4}.Release|Any CPU.ActiveCfg = Release|Any CPU
		{B13E03B7-9D5E-EB4C-E005-2CEAD59F58F4}.Release|Any CPU.Build.0 = Release|Any CPU
		{26A26152-CE91-D7EC-90BC-7986F9845416}.Debug|Any CPU.ActiveCfg = Debug|Any CPU
		{26A26152-CE91-D7EC-90BC-7986F9845416}.Debug|Any CPU.Build.0 = Debug|Any CPU
		{26A26152-CE91-D7EC-90BC-7986F9845416}.Release|Any CPU.ActiveCfg = Release|Any CPU
		{26A26152-CE91-D7EC-90BC-7986F9845416}.Release|Any CPU.Build.0 = Release|Any CPU
		{75E9401D-F94B-3B94-52F8-3736E4F9421E}.Debug|Any CPU.ActiveCfg = Debug|Any CPU
		{75E9401D-F94B-3B94-52F8-3736E4F9421E}.Debug|Any CPU.Build.0 = Debug|Any CPU
		{75E9401D-F94B-3B94-52F8-3736E4F9421E}.Release|Any CPU.ActiveCfg = Release|Any CPU
		{75E9401D-F94B-3B94-52F8-3736E4F9421E}.Release|Any CPU.Build.0 = Release|Any CPU
		{0E0F1CC5-0F8E-89A7-1DD0-464540C1594C}.Debug|Any CPU.ActiveCfg = Debug|Any CPU
		{0E0F1CC5-0F8E-89A7-1DD0-464540C1594C}.Debug|Any CPU.Build.0 = Debug|Any CPU
		{0E0F1CC5-0F8E-89A7-1DD0-464540C1594C}.Release|Any CPU.ActiveCfg = Release|Any CPU
		{0E0F1CC5-0F8E-89A7-1DD0-464540C1594C}.Release|Any CPU.Build.0 = Release|Any CPU
	EndGlobalSection
	GlobalSection(SolutionProperties) = preSolution
		HideSolutionNode = FALSE
	EndGlobalSection
EndGlobal
